
Microsoft Visual Studio Solution File, Format Version 12.00
# Visual Studio Version 17
VisualStudioVersion = 17.14.36511.14
MinimumVisualStudioVersion = 10.0.40219.1
Project("{2150E333-8FDC-42A3-9474-1A3956D46DE8}") = "Src", "Src", "{02EA681E-C7D8-13C7-8484-4AC65E1B71E8}"
EndProject
Project("{2150E333-8FDC-42A3-9474-1A3956D46DE8}") = "Doc", "Doc", "{43313B3F-1A42-4807-9151-F9BA86F1B7A0}"
EndProject
Project("{2150E333-8FDC-42A3-9474-1A3956D46DE8}") = "Test", "Test", "{77F46C73-25B1-44FF-8B14-6A6D3C1F14C5}"
EndProject
Project("{2150E333-8FDC-42A3-9474-1A3956D46DE8}") = "Common", "Common", "{52DF7DA7-35CC-4F28-9421-443AA8309B65}"
EndProject
Project("{FAE04EC0-301F-11D3-BF4B-00C04F79EFBC}") = "ChatApp.Common", "ChatApp.Common\ChatApp.Common.csproj", "{EF0E85AD-AA96-4608-8930-49956410B317}"
EndProject
Project("{2150E333-8FDC-42A3-9474-1A3956D46DE8}") = "Core", "Core", "{34662ED4-7672-4559-86F7-82C5BF2242F1}"
EndProject
Project("{FAE04EC0-301F-11D3-BF4B-00C04F79EFBC}") = "ChatApp.Application", "ChatApp.Application\ChatApp.Application.csproj", "{D5C70C21-CB8B-4FEC-A633-611C8A22C774}"
EndProject
Project("{FAE04EC0-301F-11D3-BF4B-00C04F79EFBC}") = "ChatApp.Domain", "ChatApp.Domain\ChatApp.Domain.csproj", "{3BE59250-C094-4DCE-A8C8-44DF3FE78CB4}"
EndProject
Project("{2150E333-8FDC-42A3-9474-1A3956D46DE8}") = "Infrastructure", "Infrastructure", "{EA59E391-57A2-4B83-A51B-7C4C545CCBE9}"
EndProject
Project("{FAE04EC0-301F-11D3-BF4B-00C04F79EFBC}") = "ChatApp.Infrastructure", "ChatApp.Infrastructure\ChatApp.Infrastructure.csproj", "{F684AB1C-4A0B-40B7-8B07-FAC42F0CA0E3}"
EndProject
Project("{FAE04EC0-301F-11D3-BF4B-00C04F79EFBC}") = "ChatApp.Persistance", "ChatApp.Persistance\ChatApp.Persistance.csproj", "{185084A2-5902-4EFE-8B00-36343A785556}"
EndProject
Project("{2150E333-8FDC-42A3-9474-1A3956D46DE8}") = "Presentation", "Presentation", "{A6861BFB-2AF2-4FCA-866E-59F350FE702F}"
EndProject
Project("{FAE04EC0-301F-11D3-BF4B-00C04F79EFBC}") = "Endpoint.Site", "Endpoint.Site\Endpoint.Site.csproj", "{D443F6D3-D090-4865-A94C-A75B0F9DAA31}"
EndProject
Project("{FAE04EC0-301F-11D3-BF4B-00C04F79EFBC}") = "Endpoint.Api", "Endpoint.Api\Endpoint.Api.csproj", "{3D6D0AE7-473E-4B3E-9C5B-D11DA2AF59B8}"
EndProject
Project("{FAE04EC0-301F-11D3-BF4B-00C04F79EFBC}") = "Endpoint.App", "Endpoint.App\Endpoint.App.csproj", "{1EDD6BBF-F2B5-4E88-87FA-2CBB3D6CED30}"
EndProject
Project("{FAE04EC0-301F-11D3-BF4B-00C04F79EFBC}") = "ChatApp.SignalR", "ChatApp.SignalR\ChatApp.SignalR.csproj", "{31AA0D84-73FB-4335-9A81-0AF4E677C0A1}"
EndProject
Global
	GlobalSection(SolutionConfigurationPlatforms) = preSolution
		Debug|Any CPU = Debug|Any CPU
		Release|Any CPU = Release|Any CPU
	EndGlobalSection
	GlobalSection(ProjectConfigurationPlatforms) = postSolution
		{EF0E85AD-AA96-4608-8930-49956410B317}.Debug|Any CPU.ActiveCfg = Debug|Any CPU
		{EF0E85AD-AA96-4608-8930-49956410B317}.Debug|Any CPU.Build.0 = Debug|Any CPU
		{EF0E85AD-AA96-4608-8930-49956410B317}.Release|Any CPU.ActiveCfg = Release|Any CPU
		{EF0E85AD-AA96-4608-8930-49956410B317}.Release|Any CPU.Build.0 = Release|Any CPU
		{D5C70C21-CB8B-4FEC-A633-611C8A22C774}.Debug|Any CPU.ActiveCfg = Debug|Any CPU
		{D5C70C21-CB8B-4FEC-A633-611C8A22C774}.Debug|Any CPU.Build.0 = Debug|Any CPU
		{D5C70C21-CB8B-4FEC-A633-611C8A22C774}.Release|Any CPU.ActiveCfg = Release|Any CPU
		{D5C70C21-CB8B-4FEC-A633-611C8A22C774}.Release|Any CPU.Build.0 = Release|Any CPU
		{3BE59250-C094-4DCE-A8C8-44DF3FE78CB4}.Debug|Any CPU.ActiveCfg = Debug|Any CPU
		{3BE59250-C094-4DCE-A8C8-44DF3FE78CB4}.Debug|Any CPU.Build.0 = Debug|Any CPU
		{3BE59250-C094-4DCE-A8C8-44DF3FE78CB4}.Release|Any CPU.ActiveCfg = Release|Any CPU
		{3BE59250-C094-4DCE-A8C8-44DF3FE78CB4}.Release|Any CPU.Build.0 = Release|Any CPU
		{F684AB1C-4A0B-40B7-8B07-FAC42F0CA0E3}.Debug|Any CPU.ActiveCfg = Debug|Any CPU
		{F684AB1C-4A0B-40B7-8B07-FAC42F0CA0E3}.Debug|Any CPU.Build.0 = Debug|Any CPU
		{F684AB1C-4A0B-40B7-8B07-FAC42F0CA0E3}.Release|Any CPU.ActiveCfg = Release|Any CPU
		{F684AB1C-4A0B-40B7-8B07-FAC42F0CA0E3}.Release|Any CPU.Build.0 = Release|Any CPU
		{185084A2-5902-4EFE-8B00-36343A785556}.Debug|Any CPU.ActiveCfg = Debug|Any CPU
		{185084A2-5902-4EFE-8B00-36343A785556}.Debug|Any CPU.Build.0 = Debug|Any CPU
		{185084A2-5902-4EFE-8B00-36343A785556}.Release|Any CPU.ActiveCfg = Release|Any CPU
		{185084A2-5902-4EFE-8B00-36343A785556}.Release|Any CPU.Build.0 = Release|Any CPU
		{D443F6D3-D090-4865-A94C-A75B0F9DAA31}.Debug|Any CPU.ActiveCfg = Debug|Any CPU
		{D443F6D3-D090-4865-A94C-A75B0F9DAA31}.Debug|Any CPU.Build.0 = Debug|Any CPU
		{D443F6D3-D090-4865-A94C-A75B0F9DAA31}.Release|Any CPU.ActiveCfg = Release|Any CPU
		{D443F6D3-D090-4865-A94C-A75B0F9DAA31}.Release|Any CPU.Build.0 = Release|Any CPU
		{3D6D0AE7-473E-4B3E-9C5B-D11DA2AF59B8}.Debug|Any CPU.ActiveCfg = Debug|Any CPU
		{3D6D0AE7-473E-4B3E-9C5B-D11DA2AF59B8}.Debug|Any CPU.Build.0 = Debug|Any CPU
		{3D6D0AE7-473E-4B3E-9C5B-D11DA2AF59B8}.Release|Any CPU.ActiveCfg = Release|Any CPU
		{3D6D0AE7-473E-4B3E-9C5B-D11DA2AF59B8}.Release|Any CPU.Build.0 = Release|Any CPU
		{1EDD6BBF-F2B5-4E88-87FA-2CBB3D6CED30}.Debug|Any CPU.ActiveCfg = Debug|Any CPU
		{1EDD6BBF-F2B5-4E88-87FA-2CBB3D6CED30}.Debug|Any CPU.Build.0 = Debug|Any CPU
		{1EDD6BBF-F2B5-4E88-87FA-2CBB3D6CED30}.Debug|Any CPU.Deploy.0 = Debug|Any CPU
		{1EDD6BBF-F2B5-4E88-87FA-2CBB3D6CED30}.Release|Any CPU.ActiveCfg = Release|Any CPU
		{1EDD6BBF-F2B5-4E88-87FA-2CBB3D6CED30}.Release|Any CPU.Build.0 = Release|Any CPU
		{31AA0D84-73FB-4335-9A81-0AF4E677C0A1}.Debug|Any CPU.ActiveCfg = Debug|Any CPU
		{31AA0D84-73FB-4335-9A81-0AF4E677C0A1}.Debug|Any CPU.Build.0 = Debug|Any CPU
		{31AA0D84-73FB-4335-9A81-0AF4E677C0A1}.Release|Any CPU.ActiveCfg = Release|Any CPU
		{31AA0D84-73FB-4335-9A81-0AF4E677C0A1}.Release|Any CPU.Build.0 = Release|Any CPU
	EndGlobalSection
	GlobalSection(SolutionProperties) = preSolution
		HideSolutionNode = FALSE
	EndGlobalSection
	GlobalSection(NestedProjects) = preSolution
		{52DF7DA7-35CC-4F28-9421-443AA8309B65} = {02EA681E-C7D8-13C7-8484-4AC65E1B71E8}
		{EF0E85AD-AA96-4608-8930-49956410B317} = {52DF7DA7-35CC-4F28-9421-443AA8309B65}
		{34662ED4-7672-4559-86F7-82C5BF2242F1} = {02EA681E-C7D8-13C7-8484-4AC65E1B71E8}
		{D5C70C21-CB8B-4FEC-A633-611C8A22C774} = {34662ED4-7672-4559-86F7-82C5BF2242F1}
		{3BE59250-C094-4DCE-A8C8-44DF3FE78CB4} = {34662ED4-7672-4559-86F7-82C5BF2242F1}
		{EA59E391-57A2-4B83-A51B-7C4C545CCBE9} = {02EA681E-C7D8-13C7-8484-4AC65E1B71E8}
		{F684AB1C-4A0B-40B7-8B07-FAC42F0CA0E3} = {EA59E391-57A2-4B83-A51B-7C4C545CCBE9}
		{185084A2-5902-4EFE-8B00-36343A785556} = {EA59E391-57A2-4B83-A51B-7C4C545CCBE9}
		{A6861BFB-2AF2-4FCA-866E-59F350FE702F} = {02EA681E-C7D8-13C7-8484-4AC65E1B71E8}
		{D443F6D3-D090-4865-A94C-A75B0F9DAA31} = {A6861BFB-2AF2-4FCA-866E-59F350FE702F}
		{3D6D0AE7-473E-4B3E-9C5B-D11DA2AF59B8} = {A6861BFB-2AF2-4FCA-866E-59F350FE702F}
		{1EDD6BBF-F2B5-4E88-87FA-2CBB3D6CED30} = {A6861BFB-2AF2-4FCA-866E-59F350FE702F}
		{31AA0D84-73FB-4335-9A81-0AF4E677C0A1} = {EA59E391-57A2-4B83-A51B-7C4C545CCBE9}
	EndGlobalSection
	GlobalSection(ExtensibilityGlobals) = postSolution
		SolutionGuid = {E6FF51B2-DA05-43F2-BDF4-DCCF74BC0D73}
	EndGlobalSection
EndGlobal
